<?xml version="1.0" encoding="UTF-8"?>
<!DOCTYPE plist PUBLIC "-//Apple//DTD PLIST 1.0//EN" "http://www.apple.com/DTDs/PropertyList-1.0.dtd">
<plist version="1.0">
<dict>
	<key>archiveVersion</key>
	<string>1</string>
	<key>classes</key>
	<dict/>
	<key>objectVersion</key>
	<string>46</string>
	<key>objects</key>
	<dict>
		<key>210EA750C6A2416A94B2E18E</key>
		<dict>
			<key>explicitFileType</key>
			<string>archive.ar</string>
			<key>includeInIndex</key>
			<string>0</string>
			<key>isa</key>
			<string>PBXFileReference</string>
			<key>path</key>
			<string>libPods.a</string>
			<key>sourceTree</key>
			<string>BUILT_PRODUCTS_DIR</string>
		</dict>
		<key>4C8A5F42ADA44963A8B5A023</key>
		<dict>
			<key>fileRef</key>
			<string>210EA750C6A2416A94B2E18E</string>
			<key>isa</key>
			<string>PBXBuildFile</string>
		</dict>
		<key>5FB878229E34495D86473786</key>
		<dict>
			<key>buildActionMask</key>
			<string>2147483647</string>
			<key>files</key>
			<array/>
			<key>inputPaths</key>
			<array/>
			<key>isa</key>
			<string>PBXShellScriptBuildPhase</string>
			<key>name</key>
			<string>Copy Pods Resources</string>
			<key>outputPaths</key>
			<array/>
			<key>runOnlyForDeploymentPostprocessing</key>
			<string>0</string>
			<key>shellPath</key>
			<string>/bin/sh</string>
			<key>shellScript</key>
			<string>"${SRCROOT}/Pods/Target Support Files/Pods/Pods-resources.sh"
</string>
			<key>showEnvVarsInLog</key>
			<string>0</string>
		</dict>
		<key>6F35E614C1ED4FC3A9699EB2</key>
		<dict>
			<key>buildActionMask</key>
			<string>2147483647</string>
			<key>files</key>
			<array/>
			<key>inputPaths</key>
			<array/>
			<key>isa</key>
			<string>PBXShellScriptBuildPhase</string>
			<key>name</key>
			<string>Check Pods Manifest.lock</string>
			<key>outputPaths</key>
			<array/>
			<key>runOnlyForDeploymentPostprocessing</key>
			<string>0</string>
			<key>shellPath</key>
			<string>/bin/sh</string>
			<key>shellScript</key>
			<string>diff "${PODS_ROOT}/../Podfile.lock" "${PODS_ROOT}/Manifest.lock" &gt; /dev/null
if [[ $? != 0 ]] ; then
    cat &lt;&lt; EOM
error: The sandbox is not in sync with the Podfile.lock. Run 'pod install' or update your CocoaPods installation.
EOM
    exit 1
fi
</string>
			<key>showEnvVarsInLog</key>
			<string>0</string>
		</dict>
		<key>756BF69A184B389000423025</key>
		<dict>
			<key>children</key>
			<array>
				<string>756BF6AC184B389100423025</string>
				<string>756BF6CB184B389100423025</string>
				<string>756BF6A5184B389000423025</string>
				<string>756BF6A4184B389000423025</string>
				<string>8401515BC1B291CF36439B61</string>
			</array>
			<key>isa</key>
			<string>PBXGroup</string>
			<key>sourceTree</key>
			<string>&lt;group&gt;</string>
		</dict>
		<key>756BF69B184B389000423025</key>
		<dict>
			<key>attributes</key>
			<dict>
				<key>CLASSPREFIX</key>
				<string>HF</string>
				<key>LastUpgradeCheck</key>
				<string>0510</string>
				<key>ORGANIZATIONNAME</key>
				<string>Helpful</string>
				<key>TargetAttributes</key>
				<dict>
					<key>756BF6C3184B389100423025</key>
					<dict>
						<key>TestTargetID</key>
						<string>756BF6A2184B389000423025</string>
					</dict>
				</dict>
			</dict>
			<key>buildConfigurationList</key>
			<string>756BF69E184B389000423025</string>
			<key>compatibilityVersion</key>
			<string>Xcode 3.2</string>
			<key>developmentRegion</key>
			<string>English</string>
			<key>hasScannedForEncodings</key>
			<string>0</string>
			<key>isa</key>
			<string>PBXProject</string>
			<key>knownRegions</key>
			<array>
				<string>en</string>
				<string>Base</string>
			</array>
			<key>mainGroup</key>
			<string>756BF69A184B389000423025</string>
			<key>productRefGroup</key>
			<string>756BF6A4184B389000423025</string>
			<key>projectDirPath</key>
			<string></string>
			<key>projectReferences</key>
			<array/>
			<key>projectRoot</key>
			<string></string>
			<key>targets</key>
			<array>
				<string>756BF6A2184B389000423025</string>
				<string>756BF6C3184B389100423025</string>
			</array>
		</dict>
		<key>756BF69E184B389000423025</key>
		<dict>
			<key>buildConfigurations</key>
			<array>
				<string>756BF6D3184B389100423025</string>
				<string>756BF6D4184B389100423025</string>
			</array>
			<key>defaultConfigurationIsVisible</key>
			<string>0</string>
			<key>defaultConfigurationName</key>
			<string>Release</string>
			<key>isa</key>
			<string>XCConfigurationList</string>
		</dict>
		<key>756BF69F184B389000423025</key>
		<dict>
			<key>buildActionMask</key>
			<string>2147483647</string>
			<key>files</key>
			<array>
				<string>8C67C01F18EAB6C800A7BC51</string>
				<string>8C30DDD918E60C0E00FC80F8</string>
				<string>8C67C01618E9D40900A7BC51</string>
				<string>756BF6B7184B389100423025</string>
				<string>8C67C01C18E9D86800A7BC51</string>
				<string>8C4C311F18EF3A2000A2F490</string>
				<string>8C4C311618EF352B00A2F490</string>
				<string>8C30DDDE18E60C7200FC80F8</string>
				<string>8CC5A2FF18E61C5A00177D11</string>
				<string>756BF6B3184B389100423025</string>
				<string>8C4C311C18EF362200A2F490</string>
				<string>8C67C01318E9D37600A7BC51</string>
				<string>8CC5A2FC18E611C100177D11</string>
			</array>
			<key>isa</key>
			<string>PBXSourcesBuildPhase</string>
			<key>runOnlyForDeploymentPostprocessing</key>
			<string>0</string>
		</dict>
		<key>756BF6A0184B389000423025</key>
		<dict>
			<key>buildActionMask</key>
			<string>2147483647</string>
			<key>files</key>
			<array>
				<string>756BF6A9184B389000423025</string>
				<string>756BF6AB184B389100423025</string>
				<string>756BF6A7184B389000423025</string>
				<string>4C8A5F42ADA44963A8B5A023</string>
			</array>
			<key>isa</key>
			<string>PBXFrameworksBuildPhase</string>
			<key>runOnlyForDeploymentPostprocessing</key>
			<string>0</string>
		</dict>
		<key>756BF6A1184B389000423025</key>
		<dict>
			<key>buildActionMask</key>
			<string>2147483647</string>
			<key>files</key>
			<array>
				<string>8C30DDDA18E60C0E00FC80F8</string>
				<string>756BF6BF184B389100423025</string>
				<string>756BF6B1184B389100423025</string>
			</array>
			<key>isa</key>
			<string>PBXResourcesBuildPhase</string>
			<key>runOnlyForDeploymentPostprocessing</key>
			<string>0</string>
		</dict>
		<key>756BF6A2184B389000423025</key>
		<dict>
			<key>buildConfigurationList</key>
			<string>756BF6D5184B389100423025</string>
			<key>buildPhases</key>
			<array>
				<string>6F35E614C1ED4FC3A9699EB2</string>
				<string>756BF69F184B389000423025</string>
				<string>756BF6A0184B389000423025</string>
				<string>756BF6A1184B389000423025</string>
				<string>5FB878229E34495D86473786</string>
			</array>
			<key>buildRules</key>
			<array/>
			<key>dependencies</key>
			<array/>
			<key>isa</key>
			<string>PBXNativeTarget</string>
			<key>name</key>
			<string>Helpful</string>
			<key>productName</key>
			<string>Helpful</string>
			<key>productReference</key>
			<string>756BF6A3184B389000423025</string>
			<key>productType</key>
			<string>com.apple.product-type.application</string>
		</dict>
		<key>756BF6A3184B389000423025</key>
		<dict>
			<key>explicitFileType</key>
			<string>wrapper.application</string>
			<key>includeInIndex</key>
			<string>0</string>
			<key>isa</key>
			<string>PBXFileReference</string>
			<key>path</key>
			<string>Helpful.app</string>
			<key>sourceTree</key>
			<string>BUILT_PRODUCTS_DIR</string>
		</dict>
		<key>756BF6A4184B389000423025</key>
		<dict>
			<key>children</key>
			<array>
				<string>756BF6A3184B389000423025</string>
				<string>756BF6C4184B389100423025</string>
			</array>
			<key>isa</key>
			<string>PBXGroup</string>
			<key>name</key>
			<string>Products</string>
			<key>sourceTree</key>
			<string>&lt;group&gt;</string>
		</dict>
		<key>756BF6A5184B389000423025</key>
		<dict>
			<key>children</key>
			<array>
				<string>756BF6A6184B389000423025</string>
				<string>756BF6A8184B389000423025</string>
				<string>756BF6AA184B389100423025</string>
				<string>756BF6C5184B389100423025</string>
				<string>210EA750C6A2416A94B2E18E</string>
			</array>
			<key>isa</key>
			<string>PBXGroup</string>
			<key>name</key>
			<string>Frameworks</string>
			<key>sourceTree</key>
			<string>&lt;group&gt;</string>
		</dict>
		<key>756BF6A6184B389000423025</key>
		<dict>
			<key>isa</key>
			<string>PBXFileReference</string>
			<key>lastKnownFileType</key>
			<string>wrapper.framework</string>
			<key>name</key>
			<string>Foundation.framework</string>
			<key>path</key>
			<string>System/Library/Frameworks/Foundation.framework</string>
			<key>sourceTree</key>
			<string>SDKROOT</string>
		</dict>
		<key>756BF6A7184B389000423025</key>
		<dict>
			<key>fileRef</key>
			<string>756BF6A6184B389000423025</string>
			<key>isa</key>
			<string>PBXBuildFile</string>
		</dict>
		<key>756BF6A8184B389000423025</key>
		<dict>
			<key>isa</key>
			<string>PBXFileReference</string>
			<key>lastKnownFileType</key>
			<string>wrapper.framework</string>
			<key>name</key>
			<string>CoreGraphics.framework</string>
			<key>path</key>
			<string>System/Library/Frameworks/CoreGraphics.framework</string>
			<key>sourceTree</key>
			<string>SDKROOT</string>
		</dict>
		<key>756BF6A9184B389000423025</key>
		<dict>
			<key>fileRef</key>
			<string>756BF6A8184B389000423025</string>
			<key>isa</key>
			<string>PBXBuildFile</string>
		</dict>
		<key>756BF6AA184B389100423025</key>
		<dict>
			<key>isa</key>
			<string>PBXFileReference</string>
			<key>lastKnownFileType</key>
			<string>wrapper.framework</string>
			<key>name</key>
			<string>UIKit.framework</string>
			<key>path</key>
			<string>System/Library/Frameworks/UIKit.framework</string>
			<key>sourceTree</key>
			<string>SDKROOT</string>
		</dict>
		<key>756BF6AB184B389100423025</key>
		<dict>
			<key>fileRef</key>
			<string>756BF6AA184B389100423025</string>
			<key>isa</key>
			<string>PBXBuildFile</string>
		</dict>
		<key>756BF6AC184B389100423025</key>
		<dict>
			<key>children</key>
			<array>
				<string>8C4C312018EF3A2500A2F490</string>
				<string>8C4C311318EF352100A2F490</string>
				<string>8C99CB2418EB5209005AF237</string>
				<string>8C30DDDB18E60C6000FC80F8</string>
				<string>756BF6B5184B389100423025</string>
				<string>756BF6B6184B389100423025</string>
				<string>756BF6BE184B389100423025</string>
				<string>756BF6AD184B389100423025</string>
			</array>
			<key>isa</key>
			<string>PBXGroup</string>
			<key>path</key>
			<string>Helpful</string>
			<key>sourceTree</key>
			<string>&lt;group&gt;</string>
		</dict>
		<key>756BF6AD184B389100423025</key>
		<dict>
			<key>children</key>
			<array>
				<string>8C67C01D18EAB6C800A7BC51</string>
				<string>8C67C01E18EAB6C800A7BC51</string>
				<string>756BF6AE184B389100423025</string>
				<string>756BF6AF184B389100423025</string>
				<string>756BF6B2184B389100423025</string>
				<string>756BF6B4184B389100423025</string>
			</array>
			<key>isa</key>
			<string>PBXGroup</string>
			<key>name</key>
			<string>Supporting Files</string>
			<key>sourceTree</key>
			<string>&lt;group&gt;</string>
		</dict>
		<key>756BF6AE184B389100423025</key>
		<dict>
			<key>isa</key>
			<string>PBXFileReference</string>
			<key>lastKnownFileType</key>
			<string>text.plist.xml</string>
			<key>path</key>
			<string>Helpful-Info.plist</string>
			<key>sourceTree</key>
			<string>&lt;group&gt;</string>
		</dict>
		<key>756BF6AF184B389100423025</key>
		<dict>
			<key>children</key>
			<array>
				<string>756BF6B0184B389100423025</string>
			</array>
			<key>isa</key>
			<string>PBXVariantGroup</string>
			<key>name</key>
			<string>InfoPlist.strings</string>
			<key>sourceTree</key>
			<string>&lt;group&gt;</string>
		</dict>
		<key>756BF6B0184B389100423025</key>
		<dict>
			<key>isa</key>
			<string>PBXFileReference</string>
			<key>lastKnownFileType</key>
			<string>text.plist.strings</string>
			<key>name</key>
			<string>en</string>
			<key>path</key>
			<string>en.lproj/InfoPlist.strings</string>
			<key>sourceTree</key>
			<string>&lt;group&gt;</string>
		</dict>
		<key>756BF6B1184B389100423025</key>
		<dict>
			<key>fileRef</key>
			<string>756BF6AF184B389100423025</string>
			<key>isa</key>
			<string>PBXBuildFile</string>
		</dict>
		<key>756BF6B2184B389100423025</key>
		<dict>
			<key>isa</key>
			<string>PBXFileReference</string>
			<key>lastKnownFileType</key>
			<string>sourcecode.c.objc</string>
			<key>path</key>
			<string>main.m</string>
			<key>sourceTree</key>
			<string>&lt;group&gt;</string>
		</dict>
		<key>756BF6B3184B389100423025</key>
		<dict>
			<key>fileRef</key>
			<string>756BF6B2184B389100423025</string>
			<key>isa</key>
			<string>PBXBuildFile</string>
		</dict>
		<key>756BF6B4184B389100423025</key>
		<dict>
			<key>isa</key>
			<string>PBXFileReference</string>
			<key>lastKnownFileType</key>
			<string>sourcecode.c.h</string>
			<key>path</key>
			<string>Helpful-Prefix.pch</string>
			<key>sourceTree</key>
			<string>&lt;group&gt;</string>
		</dict>
		<key>756BF6B5184B389100423025</key>
		<dict>
			<key>isa</key>
			<string>PBXFileReference</string>
			<key>lastKnownFileType</key>
			<string>sourcecode.c.h</string>
			<key>path</key>
			<string>HFAppDelegate.h</string>
			<key>sourceTree</key>
			<string>&lt;group&gt;</string>
		</dict>
		<key>756BF6B6184B389100423025</key>
		<dict>
			<key>isa</key>
			<string>PBXFileReference</string>
			<key>lastKnownFileType</key>
			<string>sourcecode.c.objc</string>
			<key>path</key>
			<string>HFAppDelegate.m</string>
			<key>sourceTree</key>
			<string>&lt;group&gt;</string>
		</dict>
		<key>756BF6B7184B389100423025</key>
		<dict>
			<key>fileRef</key>
			<string>756BF6B6184B389100423025</string>
			<key>isa</key>
			<string>PBXBuildFile</string>
		</dict>
		<key>756BF6BE184B389100423025</key>
		<dict>
			<key>isa</key>
			<string>PBXFileReference</string>
			<key>lastKnownFileType</key>
			<string>folder.assetcatalog</string>
			<key>path</key>
			<string>Images.xcassets</string>
			<key>sourceTree</key>
			<string>&lt;group&gt;</string>
		</dict>
		<key>756BF6BF184B389100423025</key>
		<dict>
			<key>fileRef</key>
			<string>756BF6BE184B389100423025</string>
			<key>isa</key>
			<string>PBXBuildFile</string>
		</dict>
		<key>756BF6C0184B389100423025</key>
		<dict>
			<key>buildActionMask</key>
			<string>2147483647</string>
			<key>files</key>
			<array>
				<string>756BF6D2184B389100423025</string>
			</array>
			<key>isa</key>
			<string>PBXSourcesBuildPhase</string>
			<key>runOnlyForDeploymentPostprocessing</key>
			<string>0</string>
		</dict>
		<key>756BF6C1184B389100423025</key>
		<dict>
			<key>buildActionMask</key>
			<string>2147483647</string>
			<key>files</key>
			<array>
				<string>756BF6C6184B389100423025</string>
				<string>756BF6C8184B389100423025</string>
				<string>756BF6C7184B389100423025</string>
			</array>
			<key>isa</key>
			<string>PBXFrameworksBuildPhase</string>
			<key>runOnlyForDeploymentPostprocessing</key>
			<string>0</string>
		</dict>
		<key>756BF6C2184B389100423025</key>
		<dict>
			<key>buildActionMask</key>
			<string>2147483647</string>
			<key>files</key>
			<array>
				<string>756BF6D0184B389100423025</string>
			</array>
			<key>isa</key>
			<string>PBXResourcesBuildPhase</string>
			<key>runOnlyForDeploymentPostprocessing</key>
			<string>0</string>
		</dict>
		<key>756BF6C3184B389100423025</key>
		<dict>
			<key>buildConfigurationList</key>
			<string>756BF6D8184B389100423025</string>
			<key>buildPhases</key>
			<array>
				<string>756BF6C0184B389100423025</string>
				<string>756BF6C1184B389100423025</string>
				<string>756BF6C2184B389100423025</string>
			</array>
			<key>buildRules</key>
			<array/>
			<key>dependencies</key>
			<array>
				<string>756BF6CA184B389100423025</string>
			</array>
			<key>isa</key>
			<string>PBXNativeTarget</string>
			<key>name</key>
			<string>HelpfulTests</string>
			<key>productName</key>
			<string>HelpfulTests</string>
			<key>productReference</key>
			<string>756BF6C4184B389100423025</string>
			<key>productType</key>
			<string>com.apple.product-type.bundle.unit-test</string>
		</dict>
		<key>756BF6C4184B389100423025</key>
		<dict>
			<key>explicitFileType</key>
			<string>wrapper.cfbundle</string>
			<key>includeInIndex</key>
			<string>0</string>
			<key>isa</key>
			<string>PBXFileReference</string>
			<key>path</key>
			<string>HelpfulTests.xctest</string>
			<key>sourceTree</key>
			<string>BUILT_PRODUCTS_DIR</string>
		</dict>
		<key>756BF6C5184B389100423025</key>
		<dict>
			<key>isa</key>
			<string>PBXFileReference</string>
			<key>lastKnownFileType</key>
			<string>wrapper.framework</string>
			<key>name</key>
			<string>XCTest.framework</string>
			<key>path</key>
			<string>Library/Frameworks/XCTest.framework</string>
			<key>sourceTree</key>
			<string>DEVELOPER_DIR</string>
		</dict>
		<key>756BF6C6184B389100423025</key>
		<dict>
			<key>fileRef</key>
			<string>756BF6C5184B389100423025</string>
			<key>isa</key>
			<string>PBXBuildFile</string>
		</dict>
		<key>756BF6C7184B389100423025</key>
		<dict>
			<key>fileRef</key>
			<string>756BF6A6184B389000423025</string>
			<key>isa</key>
			<string>PBXBuildFile</string>
		</dict>
		<key>756BF6C8184B389100423025</key>
		<dict>
			<key>fileRef</key>
			<string>756BF6AA184B389100423025</string>
			<key>isa</key>
			<string>PBXBuildFile</string>
		</dict>
		<key>756BF6C9184B389100423025</key>
		<dict>
			<key>containerPortal</key>
			<string>756BF69B184B389000423025</string>
			<key>isa</key>
			<string>PBXContainerItemProxy</string>
			<key>proxyType</key>
			<string>1</string>
			<key>remoteGlobalIDString</key>
			<string>756BF6A2184B389000423025</string>
			<key>remoteInfo</key>
			<string>Helpful</string>
		</dict>
		<key>756BF6CA184B389100423025</key>
		<dict>
			<key>isa</key>
			<string>PBXTargetDependency</string>
			<key>target</key>
			<string>756BF6A2184B389000423025</string>
			<key>targetProxy</key>
			<string>756BF6C9184B389100423025</string>
		</dict>
		<key>756BF6CB184B389100423025</key>
		<dict>
			<key>children</key>
			<array>
				<string>756BF6D1184B389100423025</string>
				<string>756BF6CC184B389100423025</string>
			</array>
			<key>isa</key>
			<string>PBXGroup</string>
			<key>path</key>
			<string>HelpfulTests</string>
			<key>sourceTree</key>
			<string>&lt;group&gt;</string>
		</dict>
		<key>756BF6CC184B389100423025</key>
		<dict>
			<key>children</key>
			<array>
				<string>756BF6CD184B389100423025</string>
				<string>756BF6CE184B389100423025</string>
			</array>
			<key>isa</key>
			<string>PBXGroup</string>
			<key>name</key>
			<string>Supporting Files</string>
			<key>sourceTree</key>
			<string>&lt;group&gt;</string>
		</dict>
		<key>756BF6CD184B389100423025</key>
		<dict>
			<key>isa</key>
			<string>PBXFileReference</string>
			<key>lastKnownFileType</key>
			<string>text.plist.xml</string>
			<key>path</key>
			<string>HelpfulTests-Info.plist</string>
			<key>sourceTree</key>
			<string>&lt;group&gt;</string>
		</dict>
		<key>756BF6CE184B389100423025</key>
		<dict>
			<key>children</key>
			<array>
				<string>756BF6CF184B389100423025</string>
			</array>
			<key>isa</key>
			<string>PBXVariantGroup</string>
			<key>name</key>
			<string>InfoPlist.strings</string>
			<key>sourceTree</key>
			<string>&lt;group&gt;</string>
		</dict>
		<key>756BF6CF184B389100423025</key>
		<dict>
			<key>isa</key>
			<string>PBXFileReference</string>
			<key>lastKnownFileType</key>
			<string>text.plist.strings</string>
			<key>name</key>
			<string>en</string>
			<key>path</key>
			<string>en.lproj/InfoPlist.strings</string>
			<key>sourceTree</key>
			<string>&lt;group&gt;</string>
		</dict>
		<key>756BF6D0184B389100423025</key>
		<dict>
			<key>fileRef</key>
			<string>756BF6CE184B389100423025</string>
			<key>isa</key>
			<string>PBXBuildFile</string>
		</dict>
		<key>756BF6D1184B389100423025</key>
		<dict>
			<key>isa</key>
			<string>PBXFileReference</string>
			<key>lastKnownFileType</key>
			<string>sourcecode.c.objc</string>
			<key>path</key>
			<string>HelpfulTests.m</string>
			<key>sourceTree</key>
			<string>&lt;group&gt;</string>
		</dict>
		<key>756BF6D2184B389100423025</key>
		<dict>
			<key>fileRef</key>
			<string>756BF6D1184B389100423025</string>
			<key>isa</key>
			<string>PBXBuildFile</string>
		</dict>
		<key>756BF6D3184B389100423025</key>
		<dict>
			<key>buildSettings</key>
			<dict>
				<key>ALWAYS_SEARCH_USER_PATHS</key>
				<string>NO</string>
				<key>CLANG_CXX_LANGUAGE_STANDARD</key>
				<string>gnu++0x</string>
				<key>CLANG_CXX_LIBRARY</key>
				<string>libc++</string>
				<key>CLANG_ENABLE_MODULES</key>
				<string>YES</string>
				<key>CLANG_ENABLE_OBJC_ARC</key>
				<string>YES</string>
				<key>CLANG_WARN_BOOL_CONVERSION</key>
				<string>YES</string>
				<key>CLANG_WARN_CONSTANT_CONVERSION</key>
				<string>YES</string>
				<key>CLANG_WARN_DIRECT_OBJC_ISA_USAGE</key>
				<string>YES_ERROR</string>
				<key>CLANG_WARN_EMPTY_BODY</key>
				<string>YES</string>
				<key>CLANG_WARN_ENUM_CONVERSION</key>
				<string>YES</string>
				<key>CLANG_WARN_INT_CONVERSION</key>
				<string>YES</string>
				<key>CLANG_WARN_OBJC_ROOT_CLASS</key>
				<string>YES_ERROR</string>
				<key>CLANG_WARN__DUPLICATE_METHOD_MATCH</key>
				<string>YES</string>
				<key>CODE_SIGN_IDENTITY[sdk=iphoneos*]</key>
				<string>iPhone Developer</string>
				<key>COPY_PHASE_STRIP</key>
				<string>NO</string>
				<key>GCC_C_LANGUAGE_STANDARD</key>
				<string>gnu99</string>
				<key>GCC_DYNAMIC_NO_PIC</key>
				<string>NO</string>
				<key>GCC_OPTIMIZATION_LEVEL</key>
				<string>0</string>
				<key>GCC_PREPROCESSOR_DEFINITIONS</key>
				<array>
					<string>DEBUG=1</string>
					<string>$(inherited)</string>
				</array>
				<key>GCC_SYMBOLS_PRIVATE_EXTERN</key>
				<string>NO</string>
				<key>GCC_WARN_64_TO_32_BIT_CONVERSION</key>
				<string>YES</string>
				<key>GCC_WARN_ABOUT_RETURN_TYPE</key>
				<string>YES_ERROR</string>
				<key>GCC_WARN_UNDECLARED_SELECTOR</key>
				<string>YES</string>
				<key>GCC_WARN_UNINITIALIZED_AUTOS</key>
				<string>YES</string>
				<key>GCC_WARN_UNUSED_FUNCTION</key>
				<string>YES</string>
				<key>GCC_WARN_UNUSED_VARIABLE</key>
				<string>YES</string>
				<key>IPHONEOS_DEPLOYMENT_TARGET</key>
				<string>7.0</string>
				<key>ONLY_ACTIVE_ARCH</key>
				<string>YES</string>
				<key>SDKROOT</key>
				<string>iphoneos</string>
			</dict>
			<key>isa</key>
			<string>XCBuildConfiguration</string>
			<key>name</key>
			<string>Debug</string>
		</dict>
		<key>756BF6D4184B389100423025</key>
		<dict>
			<key>buildSettings</key>
			<dict>
				<key>ALWAYS_SEARCH_USER_PATHS</key>
				<string>NO</string>
				<key>CLANG_CXX_LANGUAGE_STANDARD</key>
				<string>gnu++0x</string>
				<key>CLANG_CXX_LIBRARY</key>
				<string>libc++</string>
				<key>CLANG_ENABLE_MODULES</key>
				<string>YES</string>
				<key>CLANG_ENABLE_OBJC_ARC</key>
				<string>YES</string>
				<key>CLANG_WARN_BOOL_CONVERSION</key>
				<string>YES</string>
				<key>CLANG_WARN_CONSTANT_CONVERSION</key>
				<string>YES</string>
				<key>CLANG_WARN_DIRECT_OBJC_ISA_USAGE</key>
				<string>YES_ERROR</string>
				<key>CLANG_WARN_EMPTY_BODY</key>
				<string>YES</string>
				<key>CLANG_WARN_ENUM_CONVERSION</key>
				<string>YES</string>
				<key>CLANG_WARN_INT_CONVERSION</key>
				<string>YES</string>
				<key>CLANG_WARN_OBJC_ROOT_CLASS</key>
				<string>YES_ERROR</string>
				<key>CLANG_WARN__DUPLICATE_METHOD_MATCH</key>
				<string>YES</string>
				<key>CODE_SIGN_IDENTITY[sdk=iphoneos*]</key>
				<string>iPhone Developer</string>
				<key>COPY_PHASE_STRIP</key>
				<string>YES</string>
				<key>ENABLE_NS_ASSERTIONS</key>
				<string>NO</string>
				<key>GCC_C_LANGUAGE_STANDARD</key>
				<string>gnu99</string>
				<key>GCC_WARN_64_TO_32_BIT_CONVERSION</key>
				<string>YES</string>
				<key>GCC_WARN_ABOUT_RETURN_TYPE</key>
				<string>YES_ERROR</string>
				<key>GCC_WARN_UNDECLARED_SELECTOR</key>
				<string>YES</string>
				<key>GCC_WARN_UNINITIALIZED_AUTOS</key>
				<string>YES</string>
				<key>GCC_WARN_UNUSED_FUNCTION</key>
				<string>YES</string>
				<key>GCC_WARN_UNUSED_VARIABLE</key>
				<string>YES</string>
				<key>IPHONEOS_DEPLOYMENT_TARGET</key>
				<string>7.0</string>
				<key>SDKROOT</key>
				<string>iphoneos</string>
				<key>VALIDATE_PRODUCT</key>
				<string>YES</string>
			</dict>
			<key>isa</key>
			<string>XCBuildConfiguration</string>
			<key>name</key>
			<string>Release</string>
		</dict>
		<key>756BF6D5184B389100423025</key>
		<dict>
			<key>buildConfigurations</key>
			<array>
				<string>756BF6D6184B389100423025</string>
				<string>756BF6D7184B389100423025</string>
			</array>
			<key>defaultConfigurationIsVisible</key>
			<string>0</string>
			<key>defaultConfigurationName</key>
			<string>Release</string>
			<key>isa</key>
			<string>XCConfigurationList</string>
		</dict>
		<key>756BF6D6184B389100423025</key>
		<dict>
			<key>baseConfigurationReference</key>
			<string>BA82A6E44976E336C4263A58</string>
			<key>buildSettings</key>
			<dict>
				<key>ASSETCATALOG_COMPILER_APPICON_NAME</key>
				<string>AppIcon</string>
				<key>ASSETCATALOG_COMPILER_LAUNCHIMAGE_NAME</key>
				<string>LaunchImage</string>
				<key>GCC_PRECOMPILE_PREFIX_HEADER</key>
				<string>YES</string>
				<key>GCC_PREFIX_HEADER</key>
				<string>Helpful/Helpful-Prefix.pch</string>
				<key>INFOPLIST_FILE</key>
				<string>Helpful/Helpful-Info.plist</string>
				<key>PRODUCT_NAME</key>
				<string>$(TARGET_NAME)</string>
				<key>WRAPPER_EXTENSION</key>
				<string>app</string>
			</dict>
			<key>isa</key>
			<string>XCBuildConfiguration</string>
			<key>name</key>
			<string>Debug</string>
		</dict>
		<key>756BF6D7184B389100423025</key>
		<dict>
			<key>baseConfigurationReference</key>
			<string>D40E6D93BA258D2BFF494F11</string>
			<key>buildSettings</key>
			<dict>
				<key>ASSETCATALOG_COMPILER_APPICON_NAME</key>
				<string>AppIcon</string>
				<key>ASSETCATALOG_COMPILER_LAUNCHIMAGE_NAME</key>
				<string>LaunchImage</string>
				<key>GCC_PRECOMPILE_PREFIX_HEADER</key>
				<string>YES</string>
				<key>GCC_PREFIX_HEADER</key>
				<string>Helpful/Helpful-Prefix.pch</string>
				<key>INFOPLIST_FILE</key>
				<string>Helpful/Helpful-Info.plist</string>
				<key>PRODUCT_NAME</key>
				<string>$(TARGET_NAME)</string>
				<key>WRAPPER_EXTENSION</key>
				<string>app</string>
			</dict>
			<key>isa</key>
			<string>XCBuildConfiguration</string>
			<key>name</key>
			<string>Release</string>
		</dict>
		<key>756BF6D8184B389100423025</key>
		<dict>
			<key>buildConfigurations</key>
			<array>
				<string>756BF6D9184B389100423025</string>
				<string>756BF6DA184B389100423025</string>
			</array>
			<key>defaultConfigurationIsVisible</key>
			<string>0</string>
			<key>defaultConfigurationName</key>
			<string>Release</string>
			<key>isa</key>
			<string>XCConfigurationList</string>
		</dict>
		<key>756BF6D9184B389100423025</key>
		<dict>
			<key>buildSettings</key>
			<dict>
				<key>BUNDLE_LOADER</key>
				<string>$(BUILT_PRODUCTS_DIR)/Helpful.app/Helpful</string>
				<key>FRAMEWORK_SEARCH_PATHS</key>
				<array>
					<string>$(SDKROOT)/Developer/Library/Frameworks</string>
					<string>$(inherited)</string>
					<string>$(DEVELOPER_FRAMEWORKS_DIR)</string>
				</array>
				<key>GCC_PRECOMPILE_PREFIX_HEADER</key>
				<string>YES</string>
				<key>GCC_PREFIX_HEADER</key>
				<string>Helpful/Helpful-Prefix.pch</string>
				<key>GCC_PREPROCESSOR_DEFINITIONS</key>
				<array>
					<string>DEBUG=1</string>
					<string>$(inherited)</string>
				</array>
				<key>INFOPLIST_FILE</key>
				<string>HelpfulTests/HelpfulTests-Info.plist</string>
				<key>PRODUCT_NAME</key>
				<string>$(TARGET_NAME)</string>
				<key>TEST_HOST</key>
				<string>$(BUNDLE_LOADER)</string>
				<key>WRAPPER_EXTENSION</key>
				<string>xctest</string>
			</dict>
			<key>isa</key>
			<string>XCBuildConfiguration</string>
			<key>name</key>
			<string>Debug</string>
		</dict>
		<key>756BF6DA184B389100423025</key>
		<dict>
			<key>buildSettings</key>
			<dict>
				<key>BUNDLE_LOADER</key>
				<string>$(BUILT_PRODUCTS_DIR)/Helpful.app/Helpful</string>
				<key>FRAMEWORK_SEARCH_PATHS</key>
				<array>
					<string>$(SDKROOT)/Developer/Library/Frameworks</string>
					<string>$(inherited)</string>
					<string>$(DEVELOPER_FRAMEWORKS_DIR)</string>
				</array>
				<key>GCC_PRECOMPILE_PREFIX_HEADER</key>
				<string>YES</string>
				<key>GCC_PREFIX_HEADER</key>
				<string>Helpful/Helpful-Prefix.pch</string>
				<key>INFOPLIST_FILE</key>
				<string>HelpfulTests/HelpfulTests-Info.plist</string>
				<key>PRODUCT_NAME</key>
				<string>$(TARGET_NAME)</string>
				<key>TEST_HOST</key>
				<string>$(BUNDLE_LOADER)</string>
				<key>WRAPPER_EXTENSION</key>
				<string>xctest</string>
			</dict>
			<key>isa</key>
			<string>XCBuildConfiguration</string>
			<key>name</key>
			<string>Release</string>
		</dict>
		<key>8401515BC1B291CF36439B61</key>
		<dict>
			<key>children</key>
			<array>
				<string>BA82A6E44976E336C4263A58</string>
				<string>D40E6D93BA258D2BFF494F11</string>
			</array>
			<key>isa</key>
			<string>PBXGroup</string>
			<key>name</key>
			<string>Pods</string>
			<key>sourceTree</key>
			<string>&lt;group&gt;</string>
		</dict>
		<key>8C30DDD618E60C0E00FC80F8</key>
		<dict>
			<key>fileEncoding</key>
			<string>4</string>
			<key>isa</key>
			<string>PBXFileReference</string>
			<key>lastKnownFileType</key>
			<string>sourcecode.c.h</string>
			<key>path</key>
			<string>HFLoginViewController.h</string>
			<key>sourceTree</key>
			<string>&lt;group&gt;</string>
		</dict>
		<key>8C30DDD718E60C0E00FC80F8</key>
		<dict>
			<key>fileEncoding</key>
			<string>4</string>
			<key>isa</key>
			<string>PBXFileReference</string>
			<key>lastKnownFileType</key>
			<string>sourcecode.c.objc</string>
			<key>path</key>
			<string>HFLoginViewController.m</string>
			<key>sourceTree</key>
			<string>&lt;group&gt;</string>
		</dict>
		<key>8C30DDD818E60C0E00FC80F8</key>
		<dict>
			<key>fileEncoding</key>
			<string>4</string>
			<key>isa</key>
			<string>PBXFileReference</string>
			<key>lastKnownFileType</key>
			<string>file.xib</string>
			<key>path</key>
			<string>HFLoginViewController.xib</string>
			<key>sourceTree</key>
			<string>&lt;group&gt;</string>
		</dict>
		<key>8C30DDD918E60C0E00FC80F8</key>
		<dict>
			<key>fileRef</key>
			<string>8C30DDD718E60C0E00FC80F8</string>
			<key>isa</key>
			<string>PBXBuildFile</string>
		</dict>
		<key>8C30DDDA18E60C0E00FC80F8</key>
		<dict>
			<key>fileRef</key>
			<string>8C30DDD818E60C0E00FC80F8</string>
			<key>isa</key>
			<string>PBXBuildFile</string>
		</dict>
		<key>8C30DDDB18E60C6000FC80F8</key>
		<dict>
			<key>children</key>
			<array>
				<string>8C30DDDC18E60C7200FC80F8</string>
				<string>8C30DDDD18E60C7200FC80F8</string>
				<string>8CC5A2FD18E61C5A00177D11</string>
				<string>8CC5A2FE18E61C5A00177D11</string>
				<string>8C67C01118E9D37600A7BC51</string>
				<string>8C67C01218E9D37600A7BC51</string>
				<string>8C67C01418E9D40900A7BC51</string>
				<string>8C67C01518E9D40900A7BC51</string>
			</array>
			<key>isa</key>
			<string>PBXGroup</string>
			<key>name</key>
			<string>Models</string>
			<key>sourceTree</key>
			<string>&lt;group&gt;</string>
		</dict>
		<key>8C30DDDC18E60C7200FC80F8</key>
		<dict>
			<key>fileEncoding</key>
			<string>4</string>
			<key>isa</key>
			<string>PBXFileReference</string>
			<key>lastKnownFileType</key>
			<string>sourcecode.c.h</string>
			<key>path</key>
			<string>HFCredentials.h</string>
			<key>sourceTree</key>
			<string>&lt;group&gt;</string>
		</dict>
		<key>8C30DDDD18E60C7200FC80F8</key>
		<dict>
			<key>fileEncoding</key>
			<string>4</string>
			<key>isa</key>
			<string>PBXFileReference</string>
			<key>lastKnownFileType</key>
			<string>sourcecode.c.objc</string>
			<key>path</key>
			<string>HFCredentials.m</string>
			<key>sourceTree</key>
			<string>&lt;group&gt;</string>
		</dict>
		<key>8C30DDDE18E60C7200FC80F8</key>
		<dict>
			<key>fileRef</key>
			<string>8C30DDDD18E60C7200FC80F8</string>
			<key>isa</key>
			<string>PBXBuildFile</string>
		</dict>
		<key>8C4C311318EF352100A2F490</key>
		<dict>
			<key>children</key>
			<array>
				<string>8C4C311418EF352B00A2F490</string>
				<string>8C4C311518EF352B00A2F490</string>
			</array>
			<key>isa</key>
			<string>PBXGroup</string>
			<key>name</key>
			<string>Helpers</string>
			<key>sourceTree</key>
			<string>&lt;group&gt;</string>
		</dict>
		<key>8C4C311418EF352B00A2F490</key>
		<dict>
			<key>fileEncoding</key>
			<string>4</string>
			<key>isa</key>
			<string>PBXFileReference</string>
			<key>lastKnownFileType</key>
			<string>sourcecode.c.h</string>
			<key>path</key>
			<string>NSNumber+HFAdditions.h</string>
			<key>sourceTree</key>
			<string>&lt;group&gt;</string>
		</dict>
		<key>8C4C311518EF352B00A2F490</key>
		<dict>
			<key>fileEncoding</key>
			<string>4</string>
			<key>isa</key>
			<string>PBXFileReference</string>
			<key>lastKnownFileType</key>
			<string>sourcecode.c.objc</string>
			<key>path</key>
			<string>NSNumber+HFAdditions.m</string>
			<key>sourceTree</key>
			<string>&lt;group&gt;</string>
		</dict>
		<key>8C4C311618EF352B00A2F490</key>
		<dict>
			<key>fileRef</key>
			<string>8C4C311518EF352B00A2F490</string>
			<key>isa</key>
			<string>PBXBuildFile</string>
		</dict>
		<key>8C4C311A18EF362200A2F490</key>
		<dict>
			<key>fileEncoding</key>
			<string>4</string>
			<key>isa</key>
			<string>PBXFileReference</string>
			<key>lastKnownFileType</key>
			<string>sourcecode.c.h</string>
			<key>path</key>
			<string>HFConversationsContainerViewController.h</string>
			<key>sourceTree</key>
			<string>&lt;group&gt;</string>
		</dict>
		<key>8C4C311B18EF362200A2F490</key>
		<dict>
			<key>fileEncoding</key>
			<string>4</string>
			<key>isa</key>
			<string>PBXFileReference</string>
			<key>lastKnownFileType</key>
			<string>sourcecode.c.objc</string>
			<key>path</key>
			<string>HFConversationsContainerViewController.m</string>
			<key>sourceTree</key>
			<string>&lt;group&gt;</string>
		</dict>
		<key>8C4C311C18EF362200A2F490</key>
		<dict>
			<key>fileRef</key>
			<string>8C4C311B18EF362200A2F490</string>
			<key>isa</key>
			<string>PBXBuildFile</string>
		</dict>
		<key>8C4C311D18EF3A2000A2F490</key>
		<dict>
			<key>fileEncoding</key>
			<string>4</string>
			<key>isa</key>
			<string>PBXFileReference</string>
			<key>lastKnownFileType</key>
			<string>sourcecode.c.h</string>
			<key>path</key>
			<string>HFConversationsContainerView.h</string>
			<key>sourceTree</key>
			<string>&lt;group&gt;</string>
		</dict>
		<key>8C4C311E18EF3A2000A2F490</key>
		<dict>
			<key>fileEncoding</key>
			<string>4</string>
			<key>isa</key>
			<string>PBXFileReference</string>
			<key>lastKnownFileType</key>
			<string>sourcecode.c.objc</string>
			<key>path</key>
			<string>HFConversationsContainerView.m</string>
			<key>sourceTree</key>
			<string>&lt;group&gt;</string>
		</dict>
		<key>8C4C311F18EF3A2000A2F490</key>
		<dict>
			<key>fileRef</key>
			<string>8C4C311E18EF3A2000A2F490</string>
			<key>isa</key>
			<string>PBXBuildFile</string>
		</dict>
		<key>8C4C312018EF3A2500A2F490</key>
		<dict>
			<key>children</key>
			<array>
				<string>8C4C311D18EF3A2000A2F490</string>
				<string>8C4C311E18EF3A2000A2F490</string>
			</array>
			<key>isa</key>
			<string>PBXGroup</string>
			<key>name</key>
			<string>Views</string>
			<key>sourceTree</key>
			<string>&lt;group&gt;</string>
		</dict>
		<key>8C67C01118E9D37600A7BC51</key>
		<dict>
			<key>fileEncoding</key>
			<string>4</string>
			<key>isa</key>
			<string>PBXFileReference</string>
			<key>lastKnownFileType</key>
			<string>sourcecode.c.h</string>
			<key>path</key>
			<string>HFConversation.h</string>
			<key>sourceTree</key>
			<string>&lt;group&gt;</string>
		</dict>
		<key>8C67C01218E9D37600A7BC51</key>
		<dict>
			<key>fileEncoding</key>
			<string>4</string>
			<key>isa</key>
			<string>PBXFileReference</string>
			<key>lastKnownFileType</key>
			<string>sourcecode.c.objc</string>
			<key>path</key>
			<string>HFConversation.m</string>
			<key>sourceTree</key>
			<string>&lt;group&gt;</string>
		</dict>
		<key>8C67C01318E9D37600A7BC51</key>
		<dict>
			<key>fileRef</key>
			<string>8C67C01218E9D37600A7BC51</string>
			<key>isa</key>
			<string>PBXBuildFile</string>
		</dict>
		<key>8C67C01418E9D40900A7BC51</key>
		<dict>
			<key>fileEncoding</key>
			<string>4</string>
			<key>isa</key>
			<string>PBXFileReference</string>
			<key>lastKnownFileType</key>
			<string>sourcecode.c.h</string>
			<key>path</key>
			<string>HFMessage.h</string>
			<key>sourceTree</key>
			<string>&lt;group&gt;</string>
		</dict>
		<key>8C67C01518E9D40900A7BC51</key>
		<dict>
			<key>fileEncoding</key>
			<string>4</string>
			<key>isa</key>
			<string>PBXFileReference</string>
			<key>lastKnownFileType</key>
			<string>sourcecode.c.objc</string>
			<key>path</key>
			<string>HFMessage.m</string>
			<key>sourceTree</key>
			<string>&lt;group&gt;</string>
		</dict>
		<key>8C67C01618E9D40900A7BC51</key>
		<dict>
			<key>fileRef</key>
			<string>8C67C01518E9D40900A7BC51</string>
			<key>isa</key>
			<string>PBXBuildFile</string>
		</dict>
		<key>8C67C01A18E9D86800A7BC51</key>
		<dict>
			<key>fileEncoding</key>
			<string>4</string>
			<key>isa</key>
			<string>PBXFileReference</string>
			<key>lastKnownFileType</key>
			<string>sourcecode.c.h</string>
			<key>path</key>
			<string>HFAccountsViewController.h</string>
			<key>sourceTree</key>
			<string>&lt;group&gt;</string>
		</dict>
		<key>8C67C01B18E9D86800A7BC51</key>
		<dict>
			<key>fileEncoding</key>
			<string>4</string>
			<key>isa</key>
			<string>PBXFileReference</string>
			<key>lastKnownFileType</key>
			<string>sourcecode.c.objc</string>
			<key>path</key>
			<string>HFAccountsViewController.m</string>
			<key>sourceTree</key>
			<string>&lt;group&gt;</string>
		</dict>
		<key>8C67C01C18E9D86800A7BC51</key>
		<dict>
			<key>fileRef</key>
			<string>8C67C01B18E9D86800A7BC51</string>
			<key>isa</key>
			<string>PBXBuildFile</string>
		</dict>
		<key>8C67C01D18EAB6C800A7BC51</key>
		<dict>
			<key>fileEncoding</key>
			<string>4</string>
			<key>isa</key>
			<string>PBXFileReference</string>
			<key>lastKnownFileType</key>
			<string>sourcecode.c.h</string>
			<key>path</key>
			<string>HFConstants.h</string>
			<key>sourceTree</key>
			<string>&lt;group&gt;</string>
		</dict>
		<key>8C67C01E18EAB6C800A7BC51</key>
		<dict>
			<key>fileEncoding</key>
			<string>4</string>
			<key>isa</key>
			<string>PBXFileReference</string>
			<key>lastKnownFileType</key>
			<string>sourcecode.c.objc</string>
			<key>path</key>
			<string>HFConstants.m</string>
			<key>sourceTree</key>
			<string>&lt;group&gt;</string>
		</dict>
		<key>8C67C01F18EAB6C800A7BC51</key>
		<dict>
			<key>fileRef</key>
			<string>8C67C01E18EAB6C800A7BC51</string>
			<key>isa</key>
			<string>PBXBuildFile</string>
		</dict>
		<key>8C99CB2418EB5209005AF237</key>
		<dict>
			<key>children</key>
			<array>
				<string>8C30DDD618E60C0E00FC80F8</string>
				<string>8C30DDD718E60C0E00FC80F8</string>
				<string>8C30DDD818E60C0E00FC80F8</string>
				<string>8C4C311A18EF362200A2F490</string>
				<string>8C4C311B18EF362200A2F490</string>
				<string>8CC5A2FA18E611C100177D11</string>
				<string>8CC5A2FB18E611C100177D11</string>
				<string>8C67C01A18E9D86800A7BC51</string>
				<string>8C67C01B18E9D86800A7BC51</string>
			</array>
			<key>isa</key>
			<string>PBXGroup</string>
			<key>name</key>
			<string>Controllers</string>
			<key>sourceTree</key>
			<string>&lt;group&gt;</string>
		</dict>
		<key>8CC5A2FA18E611C100177D11</key>
		<dict>
			<key>fileEncoding</key>
			<string>4</string>
			<key>isa</key>
			<string>PBXFileReference</string>
			<key>lastKnownFileType</key>
			<string>sourcecode.c.h</string>
			<key>path</key>
			<string>HFConversationsViewController.h</string>
			<key>sourceTree</key>
			<string>&lt;group&gt;</string>
		</dict>
		<key>8CC5A2FB18E611C100177D11</key>
		<dict>
			<key>fileEncoding</key>
			<string>4</string>
			<key>isa</key>
			<string>PBXFileReference</string>
			<key>lastKnownFileType</key>
			<string>sourcecode.c.objc</string>
			<key>path</key>
			<string>HFConversationsViewController.m</string>
			<key>sourceTree</key>
			<string>&lt;group&gt;</string>
		</dict>
		<key>8CC5A2FC18E611C100177D11</key>
		<dict>
			<key>fileRef</key>
			<string>8CC5A2FB18E611C100177D11</string>
			<key>isa</key>
			<string>PBXBuildFile</string>
		</dict>
		<key>8CC5A2FD18E61C5A00177D11</key>
		<dict>
			<key>fileEncoding</key>
			<string>4</string>
			<key>isa</key>
			<string>PBXFileReference</string>
			<key>lastKnownFileType</key>
			<string>sourcecode.c.h</string>
			<key>path</key>
			<string>HFAccount.h</string>
			<key>sourceTree</key>
			<string>&lt;group&gt;</string>
		</dict>
		<key>8CC5A2FE18E61C5A00177D11</key>
		<dict>
			<key>fileEncoding</key>
			<string>4</string>
			<key>isa</key>
			<string>PBXFileReference</string>
			<key>lastKnownFileType</key>
			<string>sourcecode.c.objc</string>
			<key>path</key>
			<string>HFAccount.m</string>
			<key>sourceTree</key>
			<string>&lt;group&gt;</string>
		</dict>
		<key>8CC5A2FF18E61C5A00177D11</key>
		<dict>
			<key>fileRef</key>
			<string>8CC5A2FE18E61C5A00177D11</string>
			<key>isa</key>
			<string>PBXBuildFile</string>
		</dict>
		<key>BA82A6E44976E336C4263A58</key>
		<dict>
			<key>includeInIndex</key>
			<string>1</string>
			<key>isa</key>
			<string>PBXFileReference</string>
			<key>lastKnownFileType</key>
			<string>text.xcconfig</string>
			<key>name</key>
			<string>Pods.debug.xcconfig</string>
			<key>path</key>
			<string>Pods/Target Support Files/Pods/Pods.debug.xcconfig</string>
			<key>sourceTree</key>
			<string>&lt;group&gt;</string>
		</dict>
		<key>D40E6D93BA258D2BFF494F11</key>
		<dict>
			<key>includeInIndex</key>
			<string>1</string>
			<key>isa</key>
			<string>PBXFileReference</string>
			<key>lastKnownFileType</key>
			<string>text.xcconfig</string>
			<key>name</key>
			<string>Pods.release.xcconfig</string>
			<key>path</key>
			<string>Pods/Target Support Files/Pods/Pods.release.xcconfig</string>
			<key>sourceTree</key>
			<string>&lt;group&gt;</string>
		</dict>
	</dict>
	<key>rootObject</key>
	<string>756BF69B184B389000423025</string>
</dict>
</plist>
